
Microsoft Visual Studio Solution File, Format Version 12.00
# Visual Studio Version 16
VisualStudioVersion = 16.0.31019.35
MinimumVisualStudioVersion = 10.0.40219.1
Project("{FAE04EC0-301F-11D3-BF4B-00C04F79EFBC}") = "ArnufoJosueSantosJimenez", "ArnufoJosueSantosJimenez\ArnufoJosueSantosJimenez.csproj", "{F02EBF2F-8A67-4093-AF23-4F18253CE096}"
EndProject
Global
	GlobalSection(SolutionConfigurationPlatforms) = preSolution
		Debug|Any CPU = Debug|Any CPU
		Release|Any CPU = Release|Any CPU
	EndGlobalSection
	GlobalSection(ProjectConfigurationPlatforms) = postSolution
		{F02EBF2F-8A67-4093-AF23-4F18253CE096}.Debug|Any CPU.ActiveCfg = Debug|Any CPU
		{F02EBF2F-8A67-4093-AF23-4F18253CE096}.Debug|Any CPU.Build.0 = Debug|Any CPU
		{F02EBF2F-8A67-4093-AF23-4F18253CE096}.Release|Any CPU.ActiveCfg = Release|Any CPU
		{F02EBF2F-8A67-4093-AF23-4F18253CE096}.Release|Any CPU.Build.0 = Release|Any CPU
	EndGlobalSection
	GlobalSection(SolutionProperties) = preSolution
		HideSolutionNode = FALSE
	EndGlobalSection
	GlobalSection(ExtensibilityGlobals) = postSolution
		SolutionGuid = {FA5A96B5-7FD7-402F-A688-2ADF952BDE0B}
	EndGlobalSection
EndGlobal
